
Microsoft Visual Studio Solution File, Format Version 12.00
# Visual Studio Version 17
VisualStudioVersion = 17.0.32112.339
MinimumVisualStudioVersion = 10.0.40219.1
Project("{FAE04EC0-301F-11D3-BF4B-00C04F79EFBC}") = "Aula2402FLP", "Aula2402FLP\Aula2402FLP.csproj", "{B8D9CA51-B775-4B74-AA89-582D8F8C2ABB}"
EndProject
Global
	GlobalSection(SolutionConfigurationPlatforms) = preSolution
		Debug|Any CPU = Debug|Any CPU
		Release|Any CPU = Release|Any CPU
	EndGlobalSection
	GlobalSection(ProjectConfigurationPlatforms) = postSolution
		{B8D9CA51-B775-4B74-AA89-582D8F8C2ABB}.Debug|Any CPU.ActiveCfg = Debug|Any CPU
		{B8D9CA51-B775-4B74-AA89-582D8F8C2ABB}.Debug|Any CPU.Build.0 = Debug|Any CPU
		{B8D9CA51-B775-4B74-AA89-582D8F8C2ABB}.Release|Any CPU.ActiveCfg = Release|Any CPU
		{B8D9CA51-B775-4B74-AA89-582D8F8C2ABB}.Release|Any CPU.Build.0 = Release|Any CPU
	EndGlobalSection
	GlobalSection(SolutionProperties) = preSolution
		HideSolutionNode = FALSE
	EndGlobalSection
	GlobalSection(ExtensibilityGlobals) = postSolution
		SolutionGuid = {5E3CC4D8-54CE-4E50-81E0-2DBE84FFC9F4}
	EndGlobalSection
EndGlobal
